Microsoft Visual Studio Solution File, Format Version 11.00
# Visual Studio 2008

Project("{F03BDE11-D261-F185-CBAC-FA32C1C6538C}") = "Master", "Assembly-CSharp.csproj", "{146BE81A-A203-16BC-4436-F0041FA6267E}"
EndProject
Project("{F03BDE11-D261-F185-CBAC-FA32C1C6538C}") = "Master", "Assembly-CSharp-Editor.csproj", "{83C67A93-427B-7DDA-5328-CF846964C949}"
EndProject
Project("{F03BDE11-D261-F185-CBAC-FA32C1C6538C}") = "Master", "Assembly-UnityScript.unityproj", "{D1F415DF-489E-5602-F79B-A92A9E283FCD}"
EndProject
Global
	GlobalSection(SolutionConfigurationPlatforms) = preSolution
		Debug|Any CPU = Debug|Any CPU
		Release|Any CPU = Release|Any CPU
	EndGlobalSection
	GlobalSection(ProjectConfigurationPlatforms) = postSolution
		{146BE81A-A203-16BC-4436-F0041FA6267E}.Debug|Any CPU.ActiveCfg = Debug|Any CPU
		{146BE81A-A203-16BC-4436-F0041FA6267E}.Debug|Any CPU.Build.0 = Debug|Any CPU
		{146BE81A-A203-16BC-4436-F0041FA6267E}.Release|Any CPU.ActiveCfg = Release|Any CPU
		{146BE81A-A203-16BC-4436-F0041FA6267E}.Release|Any CPU.Build.0 = Release|Any CPU
		{83C67A93-427B-7DDA-5328-CF846964C949}.Debug|Any CPU.ActiveCfg = Debug|Any CPU
		{83C67A93-427B-7DDA-5328-CF846964C949}.Debug|Any CPU.Build.0 = Debug|Any CPU
		{83C67A93-427B-7DDA-5328-CF846964C949}.Release|Any CPU.ActiveCfg = Release|Any CPU
		{83C67A93-427B-7DDA-5328-CF846964C949}.Release|Any CPU.Build.0 = Release|Any CPU
		{D1F415DF-489E-5602-F79B-A92A9E283FCD}.Debug|Any CPU.ActiveCfg = Debug|Any CPU
		{D1F415DF-489E-5602-F79B-A92A9E283FCD}.Debug|Any CPU.Build.0 = Debug|Any CPU
		{D1F415DF-489E-5602-F79B-A92A9E283FCD}.Release|Any CPU.ActiveCfg = Release|Any CPU
		{D1F415DF-489E-5602-F79B-A92A9E283FCD}.Release|Any CPU.Build.0 = Release|Any CPU
	EndGlobalSection
	GlobalSection(SolutionProperties) = preSolution
		HideSolutionNode = FALSE
	EndGlobalSection
												GlobalSection(MonoDevelopProperties) = preSolution
		StartupItem = Assembly-CSharp.csproj
		Policies = $0
		$0.TextStylePolicy = $1
		$1.inheritsSet = null
		$1.scope = text/x-csharp
		$0.CSharpFormattingPolicy = $2
		$2.inheritsSet = Mono
		$2.inheritsScope = text/x-csharp
		$2.scope = text/x-csharp
		$0.TextStylePolicy = $3
		$3.FileWidth = 120
		$3.TabWidth = 4
		$3.EolMarker = Unix
		$3.inheritsSet = Mono
		$3.inheritsScope = text/plain
		$3.scope = text/plain
	EndGlobalSection

EndGlobal
